
Microsoft Visual Studio Solution File, Format Version 12.00
# Visual Studio Version 17
VisualStudioVersion = 17.11.35327.3
MinimumVisualStudioVersion = 10.0.40219.1
Project("{FAE04EC0-301F-11D3-BF4B-00C04F79EFBC}") = "ALAS.UI", "ALAS.UI\ALAS.UI.csproj", "{DD1F4B43-BC8C-4427-9D40-3D8F89CE282F}"
EndProject
Project("{FAE04EC0-301F-11D3-BF4B-00C04F79EFBC}") = "ALAS.Core", "ALAS.Core\ALAS.Core.csproj", "{A534B691-7CE0-43A0-90DA-44BAA7257C11}"
EndProject
Project("{FAE04EC0-301F-11D3-BF4B-00C04F79EFBC}") = "ALAS.Data", "ALAS.Data\ALAS.Data.csproj", "{44059B34-162A-47B7-85F8-7F11DDBC2899}"
EndProject
Global
	GlobalSection(SolutionConfigurationPlatforms) = preSolution
		Debug|Any CPU = Debug|Any CPU
		Release|Any CPU = Release|Any CPU
	EndGlobalSection
	GlobalSection(ProjectConfigurationPlatforms) = postSolution
		{DD1F4B43-BC8C-4427-9D40-3D8F89CE282F}.Debug|Any CPU.ActiveCfg = Debug|Any CPU
		{DD1F4B43-BC8C-4427-9D40-3D8F89CE282F}.Debug|Any CPU.Build.0 = Debug|Any CPU
		{DD1F4B43-BC8C-4427-9D40-3D8F89CE282F}.Release|Any CPU.ActiveCfg = Release|Any CPU
		{DD1F4B43-BC8C-4427-9D40-3D8F89CE282F}.Release|Any CPU.Build.0 = Release|Any CPU
		{A534B691-7CE0-43A0-90DA-44BAA7257C11}.Debug|Any CPU.ActiveCfg = Debug|Any CPU
		{A534B691-7CE0-43A0-90DA-44BAA7257C11}.Debug|Any CPU.Build.0 = Debug|Any CPU
		{A534B691-7CE0-43A0-90DA-44BAA7257C11}.Release|Any CPU.ActiveCfg = Release|Any CPU
		{A534B691-7CE0-43A0-90DA-44BAA7257C11}.Release|Any CPU.Build.0 = Release|Any CPU
		{44059B34-162A-47B7-85F8-7F11DDBC2899}.Debug|Any CPU.ActiveCfg = Debug|Any CPU
		{44059B34-162A-47B7-85F8-7F11DDBC2899}.Debug|Any CPU.Build.0 = Debug|Any CPU
		{44059B34-162A-47B7-85F8-7F11DDBC2899}.Release|Any CPU.ActiveCfg = Release|Any CPU
		{44059B34-162A-47B7-85F8-7F11DDBC2899}.Release|Any CPU.Build.0 = Release|Any CPU
	EndGlobalSection
	GlobalSection(SolutionProperties) = preSolution
		HideSolutionNode = FALSE
	EndGlobalSection
	GlobalSection(ExtensibilityGlobals) = postSolution
		SolutionGuid = {0E9FCC11-D869-4A84-8629-B8E32DB3A4D2}
	EndGlobalSection
EndGlobal
